// !$*UTF8*$!
{
	archiveVersion = 1;
	classes = {
	};
	objectVersion = 56;
	objects = {

/* Begin PBXBuildFile section */
		CA5DBFEE2BF9551300F65547 /* DownloadManager.swift in Sources */ = {isa = PBXBuildFile; fileRef = CA5DBFED2BF9551300F65547 /* DownloadManager.swift */; };
		CA5DBFF52BF96CB600F65547 /* ARKit.swift in Sources */ = {isa = PBXBuildFile; fileRef = CA5DBFF42BF96CB600F65547 /* ARKit.swift */; };
		CA95EACE2BF8A8B500303AAE /* School_XApp.swift in Sources */ = {isa = PBXBuildFile; fileRef = CA95EACD2BF8A8B500303AAE /* School_XApp.swift */; };
		CA95EAD02BF8A8B500303AAE /* ContentView.swift in Sources */ = {isa = PBXBuildFile; fileRef = CA95EACF2BF8A8B500303AAE /* ContentView.swift */; };
		CA95EAD22BF8A8B600303AAE /* Assets.xcassets in Resources */ = {isa = PBXBuildFile; fileRef = CA95EAD12BF8A8B600303AAE /* Assets.xcassets */; };
		CA95EAD52BF8A8B600303AAE /* Preview Assets.xcassets in Resources */ = {isa = PBXBuildFile; fileRef = CA95EAD42BF8A8B600303AAE /* Preview Assets.xcassets */; };
		CA95EADD2BF8A9E600303AAE /* OnboardingView.swift in Sources */ = {isa = PBXBuildFile; fileRef = CA95EADC2BF8A9E600303AAE /* OnboardingView.swift */; };
		CA95EADF2BF8B12E00303AAE /* OnboardingViewModel.swift in Sources */ = {isa = PBXBuildFile; fileRef = CA95EADE2BF8B12E00303AAE /* OnboardingViewModel.swift */; };
		CA95EAE22BF8C00A00303AAE /* Navigation+Tab.swift in Sources */ = {isa = PBXBuildFile; fileRef = CA95EAE12BF8C00A00303AAE /* Navigation+Tab.swift */; };
		CA95EAE92BF8C33300303AAE /* TodayView.swift in Sources */ = {isa = PBXBuildFile; fileRef = CA95EAE82BF8C33300303AAE /* TodayView.swift */; };
		CA95EAEB2BF8C33E00303AAE /* SubjectsView.swift in Sources */ = {isa = PBXBuildFile; fileRef = CA95EAEA2BF8C33E00303AAE /* SubjectsView.swift */; };
		CA95EAED2BF8C34800303AAE /* SearchView.swift in Sources */ = {isa = PBXBuildFile; fileRef = CA95EAEC2BF8C34800303AAE /* SearchView.swift */; };
		CA95EAEF2BF8C35100303AAE /* StatsView.swift in Sources */ = {isa = PBXBuildFile; fileRef = CA95EAEE2BF8C35100303AAE /* StatsView.swift */; };
		CA95EAF12BF8C35A00303AAE /* ProfileView.swift in Sources */ = {isa = PBXBuildFile; fileRef = CA95EAF02BF8C35A00303AAE /* ProfileView.swift */; };
		CA95EAF42BF8C7D900303AAE /* Tips.swift in Sources */ = {isa = PBXBuildFile; fileRef = CA95EAF32BF8C7D900303AAE /* Tips.swift */; };
		CA95EAF72BF901A800303AAE /* AuthView.swift in Sources */ = {isa = PBXBuildFile; fileRef = CA95EAF62BF901A800303AAE /* AuthView.swift */; };
		CA95EAF92BF90A8E00303AAE /* AuthViewModel.swift in Sources */ = {isa = PBXBuildFile; fileRef = CA95EAF82BF90A8E00303AAE /* AuthViewModel.swift */; };
		CA95EAFE2BF9271F00303AAE /* API+Manager.swift in Sources */ = {isa = PBXBuildFile; fileRef = CA95EAFD2BF9271F00303AAE /* API+Manager.swift */; };
		CA95EB052BF9336B00303AAE /* Auth+Response+Type.swift in Sources */ = {isa = PBXBuildFile; fileRef = CA95EB042BF9336B00303AAE /* Auth+Response+Type.swift */; };
		CA9872072BF96DBE007DBFF5 /* SubjectsViewModel.swift in Sources */ = {isa = PBXBuildFile; fileRef = CA9872062BF96DBE007DBFF5 /* SubjectsViewModel.swift */; };
		CA9872092BF96E12007DBFF5 /* Subject.swift in Sources */ = {isa = PBXBuildFile; fileRef = CA9872082BF96E12007DBFF5 /* Subject.swift */; };
		CA98720B2BF970AE007DBFF5 /* GetResponseTemplate.swift in Sources */ = {isa = PBXBuildFile; fileRef = CA98720A2BF970AE007DBFF5 /* GetResponseTemplate.swift */; };
		CA98720D2BF9B3BE007DBFF5 /* ProfileViewModel.swift in Sources */ = {isa = PBXBuildFile; fileRef = CA98720C2BF9B3BE007DBFF5 /* ProfileViewModel.swift */; };
		CA98720F2BF9B3FF007DBFF5 /* Profile.swift in Sources */ = {isa = PBXBuildFile; fileRef = CA98720E2BF9B3FF007DBFF5 /* Profile.swift */; };
		CA9872112BF9BB00007DBFF5 /* ARScreen.swift in Sources */ = {isa = PBXBuildFile; fileRef = CA9872102BF9BB00007DBFF5 /* ARScreen.swift */; };
		CA9872132BF9BB18007DBFF5 /* CustomARView.swift in Sources */ = {isa = PBXBuildFile; fileRef = CA9872122BF9BB18007DBFF5 /* CustomARView.swift */; };
		CA9872152BF9BC2E007DBFF5 /* ExampleARView.swift in Sources */ = {isa = PBXBuildFile; fileRef = CA9872142BF9BC2E007DBFF5 /* ExampleARView.swift */; };
		CA9872172BF9BF3B007DBFF5 /* ExampleARViewModel.swift in Sources */ = {isa = PBXBuildFile; fileRef = CA9872162BF9BF3B007DBFF5 /* ExampleARViewModel.swift */; };
		CA98721B2BF9C026007DBFF5 /* Content.swift in Sources */ = {isa = PBXBuildFile; fileRef = CA98721A2BF9C026007DBFF5 /* Content.swift */; };
		D5A29CF42BF8DDB600D4F15D /* SplineRuntime in Frameworks */ = {isa = PBXBuildFile; productRef = D5A29CF32BF8DDB600D4F15D /* SplineRuntime */; };
		D5A29CF62BF8DDD000D4F15D /* SplinePasteView.swift in Sources */ = {isa = PBXBuildFile; fileRef = D5A29CF52BF8DDD000D4F15D /* SplinePasteView.swift */; };
/* End PBXBuildFile section */

/* Begin PBXFileReference section */
		CA5DBFED2BF9551300F65547 /* DownloadManager.swift */ = {isa = PBXFileReference; lastKnownFileType = sourcecode.swift; path = DownloadManager.swift; sourceTree = "<group>"; };
		CA5DBFF42BF96CB600F65547 /* ARKit.swift */ = {isa = PBXFileReference; lastKnownFileType = sourcecode.swift; path = ARKit.swift; sourceTree = "<group>"; };
		CA95EACA2BF8A8B500303AAE /* School_X.app */ = {isa = PBXFileReference; explicitFileType = wrapper.application; includeInIndex = 0; path = School_X.app; sourceTree = BUILT_PRODUCTS_DIR; };
		CA95EACD2BF8A8B500303AAE /* School_XApp.swift */ = {isa = PBXFileReference; lastKnownFileType = sourcecode.swift; path = School_XApp.swift; sourceTree = "<group>"; };
		CA95EACF2BF8A8B500303AAE /* ContentView.swift */ = {isa = PBXFileReference; lastKnownFileType = sourcecode.swift; path = ContentView.swift; sourceTree = "<group>"; };
		CA95EAD12BF8A8B600303AAE /* Assets.xcassets */ = {isa = PBXFileReference; lastKnownFileType = folder.assetcatalog; path = Assets.xcassets; sourceTree = "<group>"; };
		CA95EAD42BF8A8B600303AAE /* Preview Assets.xcassets */ = {isa = PBXFileReference; lastKnownFileType = folder.assetcatalog; path = "Preview Assets.xcassets"; sourceTree = "<group>"; };
		CA95EADC2BF8A9E600303AAE /* OnboardingView.swift */ = {isa = PBXFileReference; lastKnownFileType = sourcecode.swift; path = OnboardingView.swift; sourceTree = "<group>"; };
		CA95EADE2BF8B12E00303AAE /* OnboardingViewModel.swift */ = {isa = PBXFileReference; lastKnownFileType = sourcecode.swift; path = OnboardingViewModel.swift; sourceTree = "<group>"; };
		CA95EAE12BF8C00A00303AAE /* Navigation+Tab.swift */ = {isa = PBXFileReference; lastKnownFileType = sourcecode.swift; path = "Navigation+Tab.swift"; sourceTree = "<group>"; };
		CA95EAE82BF8C33300303AAE /* TodayView.swift */ = {isa = PBXFileReference; lastKnownFileType = sourcecode.swift; path = TodayView.swift; sourceTree = "<group>"; };
		CA95EAEA2BF8C33E00303AAE /* SubjectsView.swift */ = {isa = PBXFileReference; lastKnownFileType = sourcecode.swift; path = SubjectsView.swift; sourceTree = "<group>"; };
		CA95EAEC2BF8C34800303AAE /* SearchView.swift */ = {isa = PBXFileReference; lastKnownFileType = sourcecode.swift; path = SearchView.swift; sourceTree = "<group>"; };
		CA95EAEE2BF8C35100303AAE /* StatsView.swift */ = {isa = PBXFileReference; lastKnownFileType = sourcecode.swift; path = StatsView.swift; sourceTree = "<group>"; };
		CA95EAF02BF8C35A00303AAE /* ProfileView.swift */ = {isa = PBXFileReference; lastKnownFileType = sourcecode.swift; path = ProfileView.swift; sourceTree = "<group>"; };
		CA95EAF32BF8C7D900303AAE /* Tips.swift */ = {isa = PBXFileReference; lastKnownFileType = sourcecode.swift; path = Tips.swift; sourceTree = "<group>"; };
		CA95EAF62BF901A800303AAE /* AuthView.swift */ = {isa = PBXFileReference; lastKnownFileType = sourcecode.swift; path = AuthView.swift; sourceTree = "<group>"; };
		CA95EAF82BF90A8E00303AAE /* AuthViewModel.swift */ = {isa = PBXFileReference; lastKnownFileType = sourcecode.swift; path = AuthViewModel.swift; sourceTree = "<group>"; };
		CA95EAFD2BF9271F00303AAE /* API+Manager.swift */ = {isa = PBXFileReference; lastKnownFileType = sourcecode.swift; path = "API+Manager.swift"; sourceTree = "<group>"; };
		CA95EB032BF92BBA00303AAE /* School-X-Info.plist */ = {isa = PBXFileReference; lastKnownFileType = text.plist; path = "School-X-Info.plist"; sourceTree = SOURCE_ROOT; };
		CA95EB042BF9336B00303AAE /* Auth+Response+Type.swift */ = {isa = PBXFileReference; lastKnownFileType = sourcecode.swift; path = "Auth+Response+Type.swift"; sourceTree = "<group>"; };
		CA9872062BF96DBE007DBFF5 /* SubjectsViewModel.swift */ = {isa = PBXFileReference; lastKnownFileType = sourcecode.swift; path = SubjectsViewModel.swift; sourceTree = "<group>"; };
		CA9872082BF96E12007DBFF5 /* Subject.swift */ = {isa = PBXFileReference; lastKnownFileType = sourcecode.swift; path = Subject.swift; sourceTree = "<group>"; };
		CA98720A2BF970AE007DBFF5 /* GetResponseTemplate.swift */ = {isa = PBXFileReference; lastKnownFileType = sourcecode.swift; path = GetResponseTemplate.swift; sourceTree = "<group>"; };
		CA98720C2BF9B3BE007DBFF5 /* ProfileViewModel.swift */ = {isa = PBXFileReference; lastKnownFileType = sourcecode.swift; path = ProfileViewModel.swift; sourceTree = "<group>"; };
		CA98720E2BF9B3FF007DBFF5 /* Profile.swift */ = {isa = PBXFileReference; lastKnownFileType = sourcecode.swift; path = Profile.swift; sourceTree = "<group>"; };
		CA9872102BF9BB00007DBFF5 /* ARScreen.swift */ = {isa = PBXFileReference; lastKnownFileType = sourcecode.swift; path = ARScreen.swift; sourceTree = "<group>"; };
		CA9872122BF9BB18007DBFF5 /* CustomARView.swift */ = {isa = PBXFileReference; lastKnownFileType = sourcecode.swift; path = CustomARView.swift; sourceTree = "<group>"; };
		CA9872142BF9BC2E007DBFF5 /* ExampleARView.swift */ = {isa = PBXFileReference; lastKnownFileType = sourcecode.swift; path = ExampleARView.swift; sourceTree = "<group>"; };
		CA9872162BF9BF3B007DBFF5 /* ExampleARViewModel.swift */ = {isa = PBXFileReference; lastKnownFileType = sourcecode.swift; path = ExampleARViewModel.swift; sourceTree = "<group>"; };
		CA98721A2BF9C026007DBFF5 /* Content.swift */ = {isa = PBXFileReference; lastKnownFileType = sourcecode.swift; path = Content.swift; sourceTree = "<group>"; };
		D5A29CF52BF8DDD000D4F15D /* SplinePasteView.swift */ = {isa = PBXFileReference; fileEncoding = 4; lastKnownFileType = sourcecode.swift; path = SplinePasteView.swift; sourceTree = "<group>"; };
/* End PBXFileReference section */

/* Begin PBXFrameworksBuildPhase section */
		CA95EAC72BF8A8B500303AAE /* Frameworks */ = {
			isa = PBXFrameworksBuildPhase;
			buildActionMask = 2147483647;
			files = (
				D5A29CF42BF8DDB600D4F15D /* SplineRuntime in Frameworks */,
			);
			runOnlyForDeploymentPostprocessing = 0;
		};
/* End PBXFrameworksBuildPhase section */

/* Begin PBXGroup section */
		CA5DBFEC2BF9550300F65547 /* DownloadManager */ = {
			isa = PBXGroup;
			children = (
				CA5DBFED2BF9551300F65547 /* DownloadManager.swift */,
			);
			path = DownloadManager;
			sourceTree = "<group>";
		};
		CA5DBFF32BF96CAA00F65547 /* AR+RealityKit */ = {
			isa = PBXGroup;
			children = (
				CA5DBFF42BF96CB600F65547 /* ARKit.swift */,
				CA9872102BF9BB00007DBFF5 /* ARScreen.swift */,
				CA9872122BF9BB18007DBFF5 /* CustomARView.swift */,
				CA9872142BF9BC2E007DBFF5 /* ExampleARView.swift */,
				CA9872162BF9BF3B007DBFF5 /* ExampleARViewModel.swift */,
			);
			path = "AR+RealityKit";
			sourceTree = "<group>";
		};
		CA95EAC12BF8A8B500303AAE = {
			isa = PBXGroup;
			children = (
				CA95EACC2BF8A8B500303AAE /* School_X */,
				CA95EACB2BF8A8B500303AAE /* Products */,
			);
			sourceTree = "<group>";
		};
		CA95EACB2BF8A8B500303AAE /* Products */ = {
			isa = PBXGroup;
			children = (
				CA95EACA2BF8A8B500303AAE /* School_X.app */,
			);
			name = Products;
			sourceTree = "<group>";
		};
		CA95EACC2BF8A8B500303AAE /* School_X */ = {
			isa = PBXGroup;
			children = (
				CA95EB032BF92BBA00303AAE /* School-X-Info.plist */,
				CA95EACD2BF8A8B500303AAE /* School_XApp.swift */,
				CA95EACF2BF8A8B500303AAE /* ContentView.swift */,
				CA9872192BF9C01B007DBFF5 /* Content */,
				CA9872182BF9C015007DBFF5 /* Topic */,
				CA5DBFEC2BF9550300F65547 /* DownloadManager */,
				CA95EAFA2BF9263B00303AAE /* Network */,
				CA95EAF52BF9019600303AAE /* Authentication */,
				CA95EAF22BF8C7C100303AAE /* Tips */,
				CA95EAE72BF8C32500303AAE /* Profile */,
				CA95EAE62BF8C32000303AAE /* Stats */,
				CA95EAE52BF8C31900303AAE /* Search */,
				CA95EAE42BF8C31200303AAE /* Subjects */,
				CA95EAE32BF8C30700303AAE /* Today */,
				CA95EAE02BF8BFFA00303AAE /* Navigation+Tab */,
				CA95EADB2BF8A9CB00303AAE /* Onboarding */,
				D5A29CF12BF8DDA400D4F15D /* SplineComponents */,
				CA5DBFF32BF96CAA00F65547 /* AR+RealityKit */,
				CA95EAD12BF8A8B600303AAE /* Assets.xcassets */,
				CA95EAD32BF8A8B600303AAE /* Preview Content */,
			);
			path = School_X;
			sourceTree = "<group>";
		};
		CA95EAD32BF8A8B600303AAE /* Preview Content */ = {
			isa = PBXGroup;
			children = (
				CA95EAD42BF8A8B600303AAE /* Preview Assets.xcassets */,
			);
			path = "Preview Content";
			sourceTree = "<group>";
		};
		CA95EADB2BF8A9CB00303AAE /* Onboarding */ = {
			isa = PBXGroup;
			children = (
				CA95EADC2BF8A9E600303AAE /* OnboardingView.swift */,
				CA95EADE2BF8B12E00303AAE /* OnboardingViewModel.swift */,
			);
			path = Onboarding;
			sourceTree = "<group>";
		};
		CA95EAE02BF8BFFA00303AAE /* Navigation+Tab */ = {
			isa = PBXGroup;
			children = (
				CA95EAE12BF8C00A00303AAE /* Navigation+Tab.swift */,
			);
			path = "Navigation+Tab";
			sourceTree = "<group>";
		};
		CA95EAE32BF8C30700303AAE /* Today */ = {
			isa = PBXGroup;
			children = (
				CA95EAE82BF8C33300303AAE /* TodayView.swift */,
			);
			path = Today;
			sourceTree = "<group>";
		};
		CA95EAE42BF8C31200303AAE /* Subjects */ = {
			isa = PBXGroup;
			children = (
				CA95EAEA2BF8C33E00303AAE /* SubjectsView.swift */,
				CA9872062BF96DBE007DBFF5 /* SubjectsViewModel.swift */,
				CA9872082BF96E12007DBFF5 /* Subject.swift */,
			);
			path = Subjects;
			sourceTree = "<group>";
		};
		CA95EAE52BF8C31900303AAE /* Search */ = {
			isa = PBXGroup;
			children = (
				CA95EAEC2BF8C34800303AAE /* SearchView.swift */,
			);
			path = Search;
			sourceTree = "<group>";
		};
		CA95EAE62BF8C32000303AAE /* Stats */ = {
			isa = PBXGroup;
			children = (
				CA95EAEE2BF8C35100303AAE /* StatsView.swift */,
			);
			path = Stats;
			sourceTree = "<group>";
		};
		CA95EAE72BF8C32500303AAE /* Profile */ = {
			isa = PBXGroup;
			children = (
				CA95EAF02BF8C35A00303AAE /* ProfileView.swift */,
				CA98720C2BF9B3BE007DBFF5 /* ProfileViewModel.swift */,
				CA98720E2BF9B3FF007DBFF5 /* Profile.swift */,
			);
			path = Profile;
			sourceTree = "<group>";
		};
		CA95EAF22BF8C7C100303AAE /* Tips */ = {
			isa = PBXGroup;
			children = (
				CA95EAF32BF8C7D900303AAE /* Tips.swift */,
			);
			path = Tips;
			sourceTree = "<group>";
		};
		CA95EAF52BF9019600303AAE /* Authentication */ = {
			isa = PBXGroup;
			children = (
				CA95EAF62BF901A800303AAE /* AuthView.swift */,
				CA95EAF82BF90A8E00303AAE /* AuthViewModel.swift */,
				CA95EB042BF9336B00303AAE /* Auth+Response+Type.swift */,
			);
			path = Authentication;
			sourceTree = "<group>";
		};
		CA95EAFA2BF9263B00303AAE /* Network */ = {
			isa = PBXGroup;
			children = (
				CA95EAFD2BF9271F00303AAE /* API+Manager.swift */,
				CA98720A2BF970AE007DBFF5 /* GetResponseTemplate.swift */,
			);
			path = Network;
			sourceTree = "<group>";
		};
		CA9872182BF9C015007DBFF5 /* Topic */ = {
			isa = PBXGroup;
			children = (
			);
			path = Topic;
			sourceTree = "<group>";
		};
		CA9872192BF9C01B007DBFF5 /* Content */ = {
			isa = PBXGroup;
			children = (
				CA98721A2BF9C026007DBFF5 /* Content.swift */,
			);
			path = Content;
			sourceTree = "<group>";
		};
		D5A29CF12BF8DDA400D4F15D /* SplineComponents */ = {
			isa = PBXGroup;
			children = (
				D5A29CF52BF8DDD000D4F15D /* SplinePasteView.swift */,
			);
			path = SplineComponents;
			sourceTree = "<group>";
		};
/* End PBXGroup section */

/* Begin PBXNativeTarget section */
		CA95EAC92BF8A8B500303AAE /* School_X */ = {
			isa = PBXNativeTarget;
			buildConfigurationList = CA95EAD82BF8A8B600303AAE /* Build configuration list for PBXNativeTarget "School_X" */;
			buildPhases = (
				CA95EAC62BF8A8B500303AAE /* Sources */,
				CA95EAC72BF8A8B500303AAE /* Frameworks */,
				CA95EAC82BF8A8B500303AAE /* Resources */,
			);
			buildRules = (
			);
			dependencies = (
			);
			name = School_X;
			packageProductDependencies = (
				D5A29CF32BF8DDB600D4F15D /* SplineRuntime */,
			);
			productName = School_X;
			productReference = CA95EACA2BF8A8B500303AAE /* School_X.app */;
			productType = "com.apple.product-type.application";
		};
/* End PBXNativeTarget section */

/* Begin PBXProject section */
		CA95EAC22BF8A8B500303AAE /* Project object */ = {
			isa = PBXProject;
			attributes = {
				BuildIndependentTargetsInParallel = 1;
				LastSwiftUpdateCheck = 1530;
				LastUpgradeCheck = 1530;
				TargetAttributes = {
					CA95EAC92BF8A8B500303AAE = {
						CreatedOnToolsVersion = 15.3;
					};
				};
			};
			buildConfigurationList = CA95EAC52BF8A8B500303AAE /* Build configuration list for PBXProject "School_X" */;
			compatibilityVersion = "Xcode 14.0";
			developmentRegion = en;
			hasScannedForEncodings = 0;
			knownRegions = (
				en,
				Base,
			);
			mainGroup = CA95EAC12BF8A8B500303AAE;
			packageReferences = (
				D5A29CF22BF8DDB600D4F15D /* XCRemoteSwiftPackageReference "spline-ios" */,
			);
			productRefGroup = CA95EACB2BF8A8B500303AAE /* Products */;
			projectDirPath = "";
			projectRoot = "";
			targets = (
				CA95EAC92BF8A8B500303AAE /* School_X */,
			);
		};
/* End PBXProject section */

/* Begin PBXResourcesBuildPhase section */
		CA95EAC82BF8A8B500303AAE /* Resources */ = {
			isa = PBXResourcesBuildPhase;
			buildActionMask = 2147483647;
			files = (
				CA95EAD52BF8A8B600303AAE /* Preview Assets.xcassets in Resources */,
				CA95EAD22BF8A8B600303AAE /* Assets.xcassets in Resources */,
			);
			runOnlyForDeploymentPostprocessing = 0;
		};
/* End PBXResourcesBuildPhase section */

/* Begin PBXSourcesBuildPhase section */
		CA95EAC62BF8A8B500303AAE /* Sources */ = {
			isa = PBXSourcesBuildPhase;
			buildActionMask = 2147483647;
			files = (
				CA95EADD2BF8A9E600303AAE /* OnboardingView.swift in Sources */,
				CA98720B2BF970AE007DBFF5 /* GetResponseTemplate.swift in Sources */,
				CA95EAF42BF8C7D900303AAE /* Tips.swift in Sources */,
				CA98720F2BF9B3FF007DBFF5 /* Profile.swift in Sources */,
				CA9872112BF9BB00007DBFF5 /* ARScreen.swift in Sources */,
				CA95EAD02BF8A8B500303AAE /* ContentView.swift in Sources */,
				CA95EAF72BF901A800303AAE /* AuthView.swift in Sources */,
				CA95EAF12BF8C35A00303AAE /* ProfileView.swift in Sources */,
				CA95EAEB2BF8C33E00303AAE /* SubjectsView.swift in Sources */,
				CA95EACE2BF8A8B500303AAE /* School_XApp.swift in Sources */,
				CA9872152BF9BC2E007DBFF5 /* ExampleARView.swift in Sources */,
				CA9872132BF9BB18007DBFF5 /* CustomARView.swift in Sources */,
				CA95EAED2BF8C34800303AAE /* SearchView.swift in Sources */,
				CA5DBFEE2BF9551300F65547 /* DownloadManager.swift in Sources */,
				CA95EAE22BF8C00A00303AAE /* Navigation+Tab.swift in Sources */,
				CA95EAE92BF8C33300303AAE /* TodayView.swift in Sources */,
				CA5DBFF52BF96CB600F65547 /* ARKit.swift in Sources */,
				CA9872072BF96DBE007DBFF5 /* SubjectsViewModel.swift in Sources */,
				CA95EAFE2BF9271F00303AAE /* API+Manager.swift in Sources */,
				CA95EAF92BF90A8E00303AAE /* AuthViewModel.swift in Sources */,
				CA95EB052BF9336B00303AAE /* Auth+Response+Type.swift in Sources */,
				CA9872092BF96E12007DBFF5 /* Subject.swift in Sources */,
				CA98720D2BF9B3BE007DBFF5 /* ProfileViewModel.swift in Sources */,
				CA98721B2BF9C026007DBFF5 /* Content.swift in Sources */,
				CA95EADF2BF8B12E00303AAE /* OnboardingViewModel.swift in Sources */,
				CA95EAEF2BF8C35100303AAE /* StatsView.swift in Sources */,
				D5A29CF62BF8DDD000D4F15D /* SplinePasteView.swift in Sources */,
				CA9872172BF9BF3B007DBFF5 /* ExampleARViewModel.swift in Sources */,
			);
			runOnlyForDeploymentPostprocessing = 0;
		};
/* End PBXSourcesBuildPhase section */

/* Begin XCBuildConfiguration section */
		CA95EAD62BF8A8B600303AAE /* Debug */ = {
			isa = XCBuildConfiguration;
			buildSettings = {
				ALWAYS_SEARCH_USER_PATHS = NO;
				ASSETCATALOG_COMPILER_GENERATE_SWIFT_ASSET_SYMBOL_EXTENSIONS = YES;
				CLANG_ANALYZER_NONNULL = YES;
				CLANG_ANALYZER_NUMBER_OBJECT_CONVERSION = YES_AGGRESSIVE;
				CLANG_CXX_LANGUAGE_STANDARD = "gnu++20";
				CLANG_ENABLE_MODULES = YES;
				CLANG_ENABLE_OBJC_ARC = YES;
				CLANG_ENABLE_OBJC_WEAK = YES;
				CLANG_WARN_BLOCK_CAPTURE_AUTORELEASING = YES;
				CLANG_WARN_BOOL_CONVERSION = YES;
				CLANG_WARN_COMMA = YES;
				CLANG_WARN_CONSTANT_CONVERSION = YES;
				CLANG_WARN_DEPRECATED_OBJC_IMPLEMENTATIONS = YES;
				CLANG_WARN_DIRECT_OBJC_ISA_USAGE = YES_ERROR;
				CLANG_WARN_DOCUMENTATION_COMMENTS = YES;
				CLANG_WARN_EMPTY_BODY = YES;
				CLANG_WARN_ENUM_CONVERSION = YES;
				CLANG_WARN_INFINITE_RECURSION = YES;
				CLANG_WARN_INT_CONVERSION = YES;
				CLANG_WARN_NON_LITERAL_NULL_CONVERSION = YES;
				CLANG_WARN_OBJC_IMPLICIT_RETAIN_SELF = YES;
				CLANG_WARN_OBJC_LITERAL_CONVERSION = YES;
				CLANG_WARN_OBJC_ROOT_CLASS = YES_ERROR;
				CLANG_WARN_QUOTED_INCLUDE_IN_FRAMEWORK_HEADER = YES;
				CLANG_WARN_RANGE_LOOP_ANALYSIS = YES;
				CLANG_WARN_STRICT_PROTOTYPES = YES;
				CLANG_WARN_SUSPICIOUS_MOVE = YES;
				CLANG_WARN_UNGUARDED_AVAILABILITY = YES_AGGRESSIVE;
				CLANG_WARN_UNREACHABLE_CODE = YES;
				CLANG_WARN__DUPLICATE_METHOD_MATCH = YES;
				COPY_PHASE_STRIP = NO;
				DEBUG_INFORMATION_FORMAT = dwarf;
				ENABLE_STRICT_OBJC_MSGSEND = YES;
				ENABLE_TESTABILITY = YES;
				ENABLE_USER_SCRIPT_SANDBOXING = YES;
				GCC_C_LANGUAGE_STANDARD = gnu17;
				GCC_DYNAMIC_NO_PIC = NO;
				GCC_NO_COMMON_BLOCKS = YES;
				GCC_OPTIMIZATION_LEVEL = 0;
				GCC_PREPROCESSOR_DEFINITIONS = (
					"DEBUG=1",
					"$(inherited)",
				);
				GCC_WARN_64_TO_32_BIT_CONVERSION = YES;
				GCC_WARN_ABOUT_RETURN_TYPE = YES_ERROR;
				GCC_WARN_UNDECLARED_SELECTOR = YES;
				GCC_WARN_UNINITIALIZED_AUTOS = YES_AGGRESSIVE;
				GCC_WARN_UNUSED_FUNCTION = YES;
				GCC_WARN_UNUSED_VARIABLE = YES;
				IPHONEOS_DEPLOYMENT_TARGET = 17.4;
				LOCALIZATION_PREFERS_STRING_CATALOGS = YES;
				MTL_ENABLE_DEBUG_INFO = INCLUDE_SOURCE;
				MTL_FAST_MATH = YES;
				ONLY_ACTIVE_ARCH = YES;
				SDKROOT = iphoneos;
				SWIFT_ACTIVE_COMPILATION_CONDITIONS = "DEBUG $(inherited)";
				SWIFT_OPTIMIZATION_LEVEL = "-Onone";
			};
			name = Debug;
		};
		CA95EAD72BF8A8B600303AAE /* Release */ = {
			isa = XCBuildConfiguration;
			buildSettings = {
				ALWAYS_SEARCH_USER_PATHS = NO;
				ASSETCATALOG_COMPILER_GENERATE_SWIFT_ASSET_SYMBOL_EXTENSIONS = YES;
				CLANG_ANALYZER_NONNULL = YES;
				CLANG_ANALYZER_NUMBER_OBJECT_CONVERSION = YES_AGGRESSIVE;
				CLANG_CXX_LANGUAGE_STANDARD = "gnu++20";
				CLANG_ENABLE_MODULES = YES;
				CLANG_ENABLE_OBJC_ARC = YES;
				CLANG_ENABLE_OBJC_WEAK = YES;
				CLANG_WARN_BLOCK_CAPTURE_AUTORELEASING = YES;
				CLANG_WARN_BOOL_CONVERSION = YES;
				CLANG_WARN_COMMA = YES;
				CLANG_WARN_CONSTANT_CONVERSION = YES;
				CLANG_WARN_DEPRECATED_OBJC_IMPLEMENTATIONS = YES;
				CLANG_WARN_DIRECT_OBJC_ISA_USAGE = YES_ERROR;
				CLANG_WARN_DOCUMENTATION_COMMENTS = YES;
				CLANG_WARN_EMPTY_BODY = YES;
				CLANG_WARN_ENUM_CONVERSION = YES;
				CLANG_WARN_INFINITE_RECURSION = YES;
				CLANG_WARN_INT_CONVERSION = YES;
				CLANG_WARN_NON_LITERAL_NULL_CONVERSION = YES;
				CLANG_WARN_OBJC_IMPLICIT_RETAIN_SELF = YES;
				CLANG_WARN_OBJC_LITERAL_CONVERSION = YES;
				CLANG_WARN_OBJC_ROOT_CLASS = YES_ERROR;
				CLANG_WARN_QUOTED_INCLUDE_IN_FRAMEWORK_HEADER = YES;
				CLANG_WARN_RANGE_LOOP_ANALYSIS = YES;
				CLANG_WARN_STRICT_PROTOTYPES = YES;
				CLANG_WARN_SUSPICIOUS_MOVE = YES;
				CLANG_WARN_UNGUARDED_AVAILABILITY = YES_AGGRESSIVE;
				CLANG_WARN_UNREACHABLE_CODE = YES;
				CLANG_WARN__DUPLICATE_METHOD_MATCH = YES;
				COPY_PHASE_STRIP = NO;
				DEBUG_INFORMATION_FORMAT = "dwarf-with-dsym";
				ENABLE_NS_ASSERTIONS = NO;
				ENABLE_STRICT_OBJC_MSGSEND = YES;
				ENABLE_USER_SCRIPT_SANDBOXING = YES;
				GCC_C_LANGUAGE_STANDARD = gnu17;
				GCC_NO_COMMON_BLOCKS = YES;
				GCC_WARN_64_TO_32_BIT_CONVERSION = YES;
				GCC_WARN_ABOUT_RETURN_TYPE = YES_ERROR;
				GCC_WARN_UNDECLARED_SELECTOR = YES;
				GCC_WARN_UNINITIALIZED_AUTOS = YES_AGGRESSIVE;
				GCC_WARN_UNUSED_FUNCTION = YES;
				GCC_WARN_UNUSED_VARIABLE = YES;
				IPHONEOS_DEPLOYMENT_TARGET = 17.4;
				LOCALIZATION_PREFERS_STRING_CATALOGS = YES;
				MTL_ENABLE_DEBUG_INFO = NO;
				MTL_FAST_MATH = YES;
				SDKROOT = iphoneos;
				SWIFT_COMPILATION_MODE = wholemodule;
				VALIDATE_PRODUCT = YES;
			};
			name = Release;
		};
		CA95EAD92BF8A8B600303AAE /* Debug */ = {
			isa = XCBuildConfiguration;
			buildSettings = {
				ASSETCATALOG_COMPILER_APPICON_NAME = AppIcon;
				ASSETCATALOG_COMPILER_GLOBAL_ACCENT_COLOR_NAME = AccentColor;
				CODE_SIGN_STYLE = Automatic;
				CURRENT_PROJECT_VERSION = 1;
				DEVELOPMENT_ASSET_PATHS = "\"School_X/Preview Content\"";
				DEVELOPMENT_TEAM = F3SX4NC8FR;
				ENABLE_PREVIEWS = YES;
				GENERATE_INFOPLIST_FILE = YES;
				INFOPLIST_FILE = "School-X-Info.plist";
				INFOPLIST_KEY_NSCameraUsageDescription = "For AR immersive experience";
				INFOPLIST_KEY_UIApplicationSceneManifest_Generation = YES;
				INFOPLIST_KEY_UIApplicationSupportsIndirectInputEvents = YES;
				INFOPLIST_KEY_UILaunchScreen_Generation = YES;
				INFOPLIST_KEY_UISupportedInterfaceOrientations_iPad = "UIInterfaceOrientationPortrait UIInterfaceOrientationPortraitUpsideDown UIInterfaceOrientationLandscapeLeft UIInterfaceOrientationLandscapeRight";
				INFOPLIST_KEY_UISupportedInterfaceOrientations_iPhone = "UIInterfaceOrientationPortrait UIInterfaceOrientationLandscapeLeft UIInterfaceOrientationLandscapeRight";
				IPHONEOS_DEPLOYMENT_TARGET = 17.0;
				LD_RUNPATH_SEARCH_PATHS = (
					"$(inherited)",
					"@executable_path/Frameworks",
				);
				MARKETING_VERSION = 1.0;
				PRODUCT_BUNDLE_IDENTIFIER = "com.swiftdiary.School-X";
				PRODUCT_NAME = "$(TARGET_NAME)";
				SWIFT_EMIT_LOC_STRINGS = YES;
				SWIFT_VERSION = 5.0;
				TARGETED_DEVICE_FAMILY = "1,2";
			};
			name = Debug;
		};
		CA95EADA2BF8A8B600303AAE /* Release */ = {
			isa = XCBuildConfiguration;
			buildSettings = {
				ASSETCATALOG_COMPILER_APPICON_NAME = AppIcon;
				ASSETCATALOG_COMPILER_GLOBAL_ACCENT_COLOR_NAME = AccentColor;
				CODE_SIGN_STYLE = Automatic;
				CURRENT_PROJECT_VERSION = 1;
				DEVELOPMENT_ASSET_PATHS = "\"School_X/Preview Content\"";
				DEVELOPMENT_TEAM = F3SX4NC8FR;
				ENABLE_PREVIEWS = YES;
				GENERATE_INFOPLIST_FILE = YES;
				INFOPLIST_FILE = "School-X-Info.plist";
				INFOPLIST_KEY_NSCameraUsageDescription = "For AR immersive experience";
				INFOPLIST_KEY_UIApplicationSceneManifest_Generation = YES;
				INFOPLIST_KEY_UIApplicationSupportsIndirectInputEvents = YES;
				INFOPLIST_KEY_UILaunchScreen_Generation = YES;
				INFOPLIST_KEY_UISupportedInterfaceOrientations_iPad = "UIInterfaceOrientationPortrait UIInterfaceOrientationPortraitUpsideDown UIInterfaceOrientationLandscapeLeft UIInterfaceOrientationLandscapeRight";
				INFOPLIST_KEY_UISupportedInterfaceOrientations_iPhone = "UIInterfaceOrientationPortrait UIInterfaceOrientationLandscapeLeft UIInterfaceOrientationLandscapeRight";
				IPHONEOS_DEPLOYMENT_TARGET = 17.0;
				LD_RUNPATH_SEARCH_PATHS = (
					"$(inherited)",
					"@executable_path/Frameworks",
				);
				MARKETING_VERSION = 1.0;
				PRODUCT_BUNDLE_IDENTIFIER = "com.swiftdiary.School-X";
				PRODUCT_NAME = "$(TARGET_NAME)";
				SWIFT_EMIT_LOC_STRINGS = YES;
				SWIFT_VERSION = 5.0;
				TARGETED_DEVICE_FAMILY = "1,2";
			};
			name = Release;
		};
/* End XCBuildConfiguration section */

/* Begin XCConfigurationList section */
		CA95EAC52BF8A8B500303AAE /* Build configuration list for PBXProject "School_X" */ = {
			isa = XCConfigurationList;
			buildConfigurations = (
				CA95EAD62BF8A8B600303AAE /* Debug */,
				CA95EAD72BF8A8B600303AAE /* Release */,
			);
			defaultConfigurationIsVisible = 0;
			defaultConfigurationName = Release;
		};
		CA95EAD82BF8A8B600303AAE /* Build configuration list for PBXNativeTarget "School_X" */ = {
			isa = XCConfigurationList;
			buildConfigurations = (
				CA95EAD92BF8A8B600303AAE /* Debug */,
				CA95EADA2BF8A8B600303AAE /* Release */,
			);
			defaultConfigurationIsVisible = 0;
			defaultConfigurationName = Release;
		};
/* End XCConfigurationList section */

/* Begin XCRemoteSwiftPackageReference section */
		D5A29CF22BF8DDB600D4F15D /* XCRemoteSwiftPackageReference "spline-ios" */ = {
			isa = XCRemoteSwiftPackageReference;
			repositoryURL = "https://github.com/splinetool/spline-ios.git";
			requirement = {
				branch = main;
				kind = branch;
			};
		};
/* End XCRemoteSwiftPackageReference section */

/* Begin XCSwiftPackageProductDependency section */
		D5A29CF32BF8DDB600D4F15D /* SplineRuntime */ = {
			isa = XCSwiftPackageProductDependency;
			package = D5A29CF22BF8DDB600D4F15D /* XCRemoteSwiftPackageReference "spline-ios" */;
			productName = SplineRuntime;
		};
/* End XCSwiftPackageProductDependency section */
	};
	rootObject = CA95EAC22BF8A8B500303AAE /* Project object */;
}
